
Microsoft Visual Studio Solution File, Format Version 12.00
# Visual Studio Version 16
VisualStudioVersion = 16.0.30011.22
MinimumVisualStudioVersion = 10.0.40219.1
Project("{888888A0-9F3D-457C-B088-3A5042F75D52}") = "KoreanSentenceSpliter", "KoreanSentenceSpliter.pyproj", "{E1B098E8-8583-49F8-8FF5-62418E20D037}"
EndProject
Global
	GlobalSection(SolutionConfigurationPlatforms) = preSolution
		Debug|Any CPU = Debug|Any CPU
		Release|Any CPU = Release|Any CPU
	EndGlobalSection
	GlobalSection(ProjectConfigurationPlatforms) = postSolution
		{E1B098E8-8583-49F8-8FF5-62418E20D037}.Debug|Any CPU.ActiveCfg = Debug|Any CPU
		{E1B098E8-8583-49F8-8FF5-62418E20D037}.Release|Any CPU.ActiveCfg = Release|Any CPU
	EndGlobalSection
	GlobalSection(SolutionProperties) = preSolution
		HideSolutionNode = FALSE
	EndGlobalSection
	GlobalSection(ExtensibilityGlobals) = postSolution
		SolutionGuid = {B76EB1A2-1775-4423-B1B1-BB0E83AAFAB7}
	EndGlobalSection
EndGlobal
